
Microsoft Visual Studio Solution File, Format Version 12.00
# Visual Studio Version 16
VisualStudioVersion = 16.0.29411.108
MinimumVisualStudioVersion = 10.0.40219.1
Project("{FAE04EC0-301F-11D3-BF4B-00C04F79EFBC}") = "English_Tutor_Telegram_Bot_WPF", "English_Tutor_Telegram_Bot_WPF\English_Tutor_Telegram_Bot_WPF.csproj", "{2AA2FB82-623B-440F-8FA0-FD5D7C01B30B}"
EndProject
Global
	GlobalSection(SolutionConfigurationPlatforms) = preSolution
		Debug|Any CPU = Debug|Any CPU
		Release|Any CPU = Release|Any CPU
	EndGlobalSection
	GlobalSection(ProjectConfigurationPlatforms) = postSolution
		{2AA2FB82-623B-440F-8FA0-FD5D7C01B30B}.Debug|Any CPU.ActiveCfg = Debug|Any CPU
		{2AA2FB82-623B-440F-8FA0-FD5D7C01B30B}.Debug|Any CPU.Build.0 = Debug|Any CPU
		{2AA2FB82-623B-440F-8FA0-FD5D7C01B30B}.Release|Any CPU.ActiveCfg = Release|Any CPU
		{2AA2FB82-623B-440F-8FA0-FD5D7C01B30B}.Release|Any CPU.Build.0 = Release|Any CPU
	EndGlobalSection
	GlobalSection(SolutionProperties) = preSolution
		HideSolutionNode = FALSE
	EndGlobalSection
	GlobalSection(ExtensibilityGlobals) = postSolution
		SolutionGuid = {A5C77AE0-B529-41EB-A845-75E566CE0F7D}
	EndGlobalSection
EndGlobal
